
Microsoft Visual Studio Solution File, Format Version 12.00
# Visual Studio 15
VisualStudioVersion = 15.0.28010.2050
MinimumVisualStudioVersion = 10.0.40219.1
Project("{9A19103F-16F7-4668-BE54-9A1E7A4F7556}") = "Validation", "..\Validation\Validation.csproj", "{E8C6ABC6-E948-41BB-8E4C-508B5C9CE35E}"
EndProject
Project("{FAE04EC0-301F-11D3-BF4B-00C04F79EFBC}") = "Validation.Tests", "Validation.Tests\Validation.Tests.csproj", "{759C8614-3BCA-48D1-8D8A-5E545542B0A5}"
EndProject
Global
	GlobalSection(SolutionConfigurationPlatforms) = preSolution
		Debug|Any CPU = Debug|Any CPU
		Release|Any CPU = Release|Any CPU
	EndGlobalSection
	GlobalSection(ProjectConfigurationPlatforms) = postSolution
		{E8C6ABC6-E948-41BB-8E4C-508B5C9CE35E}.Debug|Any CPU.ActiveCfg = Debug|Any CPU
		{E8C6ABC6-E948-41BB-8E4C-508B5C9CE35E}.Debug|Any CPU.Build.0 = Debug|Any CPU
		{E8C6ABC6-E948-41BB-8E4C-508B5C9CE35E}.Release|Any CPU.ActiveCfg = Release|Any CPU
		{E8C6ABC6-E948-41BB-8E4C-508B5C9CE35E}.Release|Any CPU.Build.0 = Release|Any CPU
		{759C8614-3BCA-48D1-8D8A-5E545542B0A5}.Debug|Any CPU.ActiveCfg = Debug|Any CPU
		{759C8614-3BCA-48D1-8D8A-5E545542B0A5}.Debug|Any CPU.Build.0 = Debug|Any CPU
		{759C8614-3BCA-48D1-8D8A-5E545542B0A5}.Release|Any CPU.ActiveCfg = Release|Any CPU
		{759C8614-3BCA-48D1-8D8A-5E545542B0A5}.Release|Any CPU.Build.0 = Release|Any CPU
	EndGlobalSection
	GlobalSection(SolutionProperties) = preSolution
		HideSolutionNode = FALSE
	EndGlobalSection
	GlobalSection(ExtensibilityGlobals) = postSolution
		SolutionGuid = {EBD2B807-DAC0-4638-9F24-17817BB58E10}
	EndGlobalSection
EndGlobal
