
Microsoft Visual Studio Solution File, Format Version 12.00
# Visual Studio Version 16
VisualStudioVersion = 16.0.30907.101
MinimumVisualStudioVersion = 10.0.40219.1
Project("{9A19103F-16F7-4668-BE54-9A1E7A4F7556}") = "GojulValidation", "GojulValidation\GojulValidation.csproj", "{E8C6ABC6-E948-41BB-8E4C-508B5C9CE35E}"
EndProject
Project("{9A19103F-16F7-4668-BE54-9A1E7A4F7556}") = "GojulValidation.Tests", "GojulValidation.Tests\GojulValidation.Tests.csproj", "{759C8614-3BCA-48D1-8D8A-5E545542B0A5}"
EndProject
Project("{9A19103F-16F7-4668-BE54-9A1E7A4F7556}") = "GojulExtensions", "GojulExtensions\GojulExtensions.csproj", "{1D9AD86E-2762-43E5-B6FB-09F2DD407307}"
EndProject
Project("{9A19103F-16F7-4668-BE54-9A1E7A4F7556}") = "GojulExtensions.Tests", "GojulExtensions.Tests\GojulExtensions.Tests.csproj", "{BF0F9478-AB42-42CE-91A4-E81A17BC65C0}"
EndProject
Project("{9A19103F-16F7-4668-BE54-9A1E7A4F7556}") = "GojulHttpUtils", "GojulHttpUtils\GojulHttpUtils.csproj", "{F327E27A-5C7F-43AD-976F-3CF7ADE06E2B}"
EndProject
Project("{9A19103F-16F7-4668-BE54-9A1E7A4F7556}") = "GojulHttpUtils.Tests", "GojulHttpUtils.Tests\GojulHttpUtils.Tests.csproj", "{52CBB8F3-6FE9-439D-859E-2B8E949D6BE3}"
EndProject
Global
	GlobalSection(SolutionConfigurationPlatforms) = preSolution
		Debug|Any CPU = Debug|Any CPU
		Release|Any CPU = Release|Any CPU
	EndGlobalSection
	GlobalSection(ProjectConfigurationPlatforms) = postSolution
		{E8C6ABC6-E948-41BB-8E4C-508B5C9CE35E}.Debug|Any CPU.ActiveCfg = Debug|Any CPU
		{E8C6ABC6-E948-41BB-8E4C-508B5C9CE35E}.Debug|Any CPU.Build.0 = Debug|Any CPU
		{E8C6ABC6-E948-41BB-8E4C-508B5C9CE35E}.Release|Any CPU.ActiveCfg = Release|Any CPU
		{E8C6ABC6-E948-41BB-8E4C-508B5C9CE35E}.Release|Any CPU.Build.0 = Release|Any CPU
		{759C8614-3BCA-48D1-8D8A-5E545542B0A5}.Debug|Any CPU.ActiveCfg = Debug|Any CPU
		{759C8614-3BCA-48D1-8D8A-5E545542B0A5}.Debug|Any CPU.Build.0 = Debug|Any CPU
		{759C8614-3BCA-48D1-8D8A-5E545542B0A5}.Release|Any CPU.ActiveCfg = Release|Any CPU
		{759C8614-3BCA-48D1-8D8A-5E545542B0A5}.Release|Any CPU.Build.0 = Release|Any CPU
		{1D9AD86E-2762-43E5-B6FB-09F2DD407307}.Debug|Any CPU.ActiveCfg = Debug|Any CPU
		{1D9AD86E-2762-43E5-B6FB-09F2DD407307}.Debug|Any CPU.Build.0 = Debug|Any CPU
		{1D9AD86E-2762-43E5-B6FB-09F2DD407307}.Release|Any CPU.ActiveCfg = Release|Any CPU
		{1D9AD86E-2762-43E5-B6FB-09F2DD407307}.Release|Any CPU.Build.0 = Release|Any CPU
		{BF0F9478-AB42-42CE-91A4-E81A17BC65C0}.Debug|Any CPU.ActiveCfg = Debug|Any CPU
		{BF0F9478-AB42-42CE-91A4-E81A17BC65C0}.Debug|Any CPU.Build.0 = Debug|Any CPU
		{BF0F9478-AB42-42CE-91A4-E81A17BC65C0}.Release|Any CPU.ActiveCfg = Release|Any CPU
		{BF0F9478-AB42-42CE-91A4-E81A17BC65C0}.Release|Any CPU.Build.0 = Release|Any CPU
		{F327E27A-5C7F-43AD-976F-3CF7ADE06E2B}.Debug|Any CPU.ActiveCfg = Debug|Any CPU
		{F327E27A-5C7F-43AD-976F-3CF7ADE06E2B}.Debug|Any CPU.Build.0 = Debug|Any CPU
		{F327E27A-5C7F-43AD-976F-3CF7ADE06E2B}.Release|Any CPU.ActiveCfg = Release|Any CPU
		{F327E27A-5C7F-43AD-976F-3CF7ADE06E2B}.Release|Any CPU.Build.0 = Release|Any CPU
		{52CBB8F3-6FE9-439D-859E-2B8E949D6BE3}.Debug|Any CPU.ActiveCfg = Debug|Any CPU
		{52CBB8F3-6FE9-439D-859E-2B8E949D6BE3}.Debug|Any CPU.Build.0 = Debug|Any CPU
		{52CBB8F3-6FE9-439D-859E-2B8E949D6BE3}.Release|Any CPU.ActiveCfg = Release|Any CPU
		{52CBB8F3-6FE9-439D-859E-2B8E949D6BE3}.Release|Any CPU.Build.0 = Release|Any CPU
	EndGlobalSection
	GlobalSection(SolutionProperties) = preSolution
		HideSolutionNode = FALSE
	EndGlobalSection
	GlobalSection(ExtensibilityGlobals) = postSolution
		SolutionGuid = {EBD2B807-DAC0-4638-9F24-17817BB58E10}
	EndGlobalSection
EndGlobal
